
Microsoft Visual Studio Solution File, Format Version 12.00
# Visual Studio Version 17
VisualStudioVersion = 17.6.33723.286
MinimumVisualStudioVersion = 10.0.40219.1
Project("{FAE04EC0-301F-11D3-BF4B-00C04F79EFBC}") = "PRT_Assignment_1", "PRT_Assignment_1\PRT_Assignment_1.csproj", "{265BCE8C-BD33-4788-8DC7-B42F6D2148C7}"
EndProject
Global
	GlobalSection(SolutionConfigurationPlatforms) = preSolution
		Debug|Any CPU = Debug|Any CPU
		Release|Any CPU = Release|Any CPU
	EndGlobalSection
	GlobalSection(ProjectConfigurationPlatforms) = postSolution
		{265BCE8C-BD33-4788-8DC7-B42F6D2148C7}.Debug|Any CPU.ActiveCfg = Debug|Any CPU
		{265BCE8C-BD33-4788-8DC7-B42F6D2148C7}.Debug|Any CPU.Build.0 = Debug|Any CPU
		{265BCE8C-BD33-4788-8DC7-B42F6D2148C7}.Release|Any CPU.ActiveCfg = Release|Any CPU
		{265BCE8C-BD33-4788-8DC7-B42F6D2148C7}.Release|Any CPU.Build.0 = Release|Any CPU
	EndGlobalSection
	GlobalSection(SolutionProperties) = preSolution
		HideSolutionNode = FALSE
	EndGlobalSection
	GlobalSection(ExtensibilityGlobals) = postSolution
		SolutionGuid = {860C68D5-6550-4A45-8A7C-6990568E4010}
	EndGlobalSection
EndGlobal
